// !$*UTF8*$!
{
	archiveVersion = 1;
	classes = {
	};
	objectVersion = 50;
	objects = {

/* Begin PBXBuildFile section */
		290E5C4A248EEE4800C029CC /* AppDelegate.swift in Sources */ = {isa = PBXBuildFile; fileRef = 290E5C49248EEE4800C029CC /* AppDelegate.swift */; };
		290E5C4C248EEE4800C029CC /* SceneDelegate.swift in Sources */ = {isa = PBXBuildFile; fileRef = 290E5C4B248EEE4800C029CC /* SceneDelegate.swift */; };
		290E5C4E248EEE4800C029CC /* ContentView.swift in Sources */ = {isa = PBXBuildFile; fileRef = 290E5C4D248EEE4800C029CC /* ContentView.swift */; };
		290E5C50248EEE4900C029CC /* Assets.xcassets in Resources */ = {isa = PBXBuildFile; fileRef = 290E5C4F248EEE4900C029CC /* Assets.xcassets */; };
		290E5C53248EEE4900C029CC /* Preview Assets.xcassets in Resources */ = {isa = PBXBuildFile; fileRef = 290E5C52248EEE4900C029CC /* Preview Assets.xcassets */; };
		290E5C56248EEE4900C029CC /* LaunchScreen.storyboard in Resources */ = {isa = PBXBuildFile; fileRef = 290E5C54248EEE4900C029CC /* LaunchScreen.storyboard */; };
/* End PBXBuildFile section */

/* Begin PBXFileReference section */
		290E5C46248EEE4800C029CC /* SUIBT.app */ = {isa = PBXFileReference; explicitFileType = wrapper.application; includeInIndex = 0; path = SUIBT.app; sourceTree = BUILT_PRODUCTS_DIR; };
		290E5C49248EEE4800C029CC /* AppDelegate.swift */ = {isa = PBXFileReference; lastKnownFileType = sourcecode.swift; path = AppDelegate.swift; sourceTree = "<group>"; };
		290E5C4B248EEE4800C029CC /* SceneDelegate.swift */ = {isa = PBXFileReference; lastKnownFileType = sourcecode.swift; path = SceneDelegate.swift; sourceTree = "<group>"; };
		290E5C4D248EEE4800C029CC /* ContentView.swift */ = {isa = PBXFileReference; lastKnownFileType = sourcecode.swift; path = ContentView.swift; sourceTree = "<group>"; };
		290E5C4F248EEE4900C029CC /* Assets.xcassets */ = {isa = PBXFileReference; lastKnownFileType = folder.assetcatalog; path = Assets.xcassets; sourceTree = "<group>"; };
		290E5C52248EEE4900C029CC /* Preview Assets.xcassets */ = {isa = PBXFileReference; lastKnownFileType = folder.assetcatalog; path = "Preview Assets.xcassets"; sourceTree = "<group>"; };
		290E5C55248EEE4900C029CC /* Base */ = {isa = PBXFileReference; lastKnownFileType = file.storyboard; name = Base; path = Base.lproj/LaunchScreen.storyboard; sourceTree = "<group>"; };
		290E5C57248EEE4900C029CC /* Info.plist */ = {isa = PBXFileReference; lastKnownFileType = text.plist.xml; path = Info.plist; sourceTree = "<group>"; };
/* End PBXFileReference section */

/* Begin PBXFrameworksBuildPhase section */
		290E5C43248EEE4800C029CC /* Frameworks */ = {
			isa = PBXFrameworksBuildPhase;
			buildActionMask = 2147483647;
			files = (
			);
			runOnlyForDeploymentPostprocessing = 0;
		};
/* End PBXFrameworksBuildPhase section */

/* Begin PBXGroup section */
		290E5C3D248EEE4800C029CC = {
			isa = PBXGroup;
			children = (
				290E5C48248EEE4800C029CC /* SUIBT */,
				290E5C47248EEE4800C029CC /* Products */,
			);
			sourceTree = "<group>";
		};
		290E5C47248EEE4800C029CC /* Products */ = {
			isa = PBXGroup;
			children = (
				290E5C46248EEE4800C029CC /* SUIBT.app */,
			);
			name = Products;
			sourceTree = "<group>";
		};
		290E5C48248EEE4800C029CC /* SUIBT */ = {
			isa = PBXGroup;
			children = (
				290E5C49248EEE4800C029CC /* AppDelegate.swift */,
				290E5C4B248EEE4800C029CC /* SceneDelegate.swift */,
				290E5C4D248EEE4800C029CC /* ContentView.swift */,
				290E5C4F248EEE4900C029CC /* Assets.xcassets */,
				290E5C54248EEE4900C029CC /* LaunchScreen.storyboard */,
				290E5C57248EEE4900C029CC /* Info.plist */,
				290E5C51248EEE4900C029CC /* Preview Content */,
			);
			path = SUIBT;
			sourceTree = "<group>";
		};
		290E5C51248EEE4900C029CC /* Preview Content */ = {
			isa = PBXGroup;
			children = (
				290E5C52248EEE4900C029CC /* Preview Assets.xcassets */,
			);
			path = "Preview Content";
			sourceTree = "<group>";
		};
/* End PBXGroup section */

/* Begin PBXNativeTarget section */
		290E5C45248EEE4800C029CC /* SUIBT */ = {
			isa = PBXNativeTarget;
			buildConfigurationList = 290E5C5A248EEE4900C029CC /* Build configuration list for PBXNativeTarget "SUIBT" */;
			buildPhases = (
				290E5C42248EEE4800C029CC /* Sources */,
				290E5C43248EEE4800C029CC /* Frameworks */,
				290E5C44248EEE4800C029CC /* Resources */,
			);
			buildRules = (
			);
			dependencies = (
			);
			name = SUIBT;
			productName = SUIBT;
			productReference = 290E5C46248EEE4800C029CC /* SUIBT.app */;
			productType = "com.apple.product-type.application";
		};
/* End PBXNativeTarget section */

/* Begin PBXProject section */
		290E5C3E248EEE4800C029CC /* Project object */ = {
			isa = PBXProject;
			attributes = {
				LastSwiftUpdateCheck = 1150;
				LastUpgradeCheck = 1150;
				ORGANIZATIONNAME = oneleif;
				TargetAttributes = {
					290E5C45248EEE4800C029CC = {
						CreatedOnToolsVersion = 11.5;
					};
				};
			};
			buildConfigurationList = 290E5C41248EEE4800C029CC /* Build configuration list for PBXProject "SUIBT" */;
			compatibilityVersion = "Xcode 9.3";
			developmentRegion = en;
			hasScannedForEncodings = 0;
			knownRegions = (
				en,
				Base,
			);
			mainGroup = 290E5C3D248EEE4800C029CC;
			productRefGroup = 290E5C47248EEE4800C029CC /* Products */;
			projectDirPath = "";
			projectRoot = "";
			targets = (
				290E5C45248EEE4800C029CC /* SUIBT */,
			);
		};
/* End PBXProject section */

/* Begin PBXResourcesBuildPhase section */
		290E5C44248EEE4800C029CC /* Resources */ = {
			isa = PBXResourcesBuildPhase;
			buildActionMask = 2147483647;
			files = (
				290E5C56248EEE4900C029CC /* LaunchScreen.storyboard in Resources */,
				290E5C53248EEE4900C029CC /* Preview Assets.xcassets in Resources */,
				290E5C50248EEE4900C029CC /* Assets.xcassets in Resources */,
			);
			runOnlyForDeploymentPostprocessing = 0;
		};
/* End PBXResourcesBuildPhase section */

/* Begin PBXSourcesBuildPhase section */
		290E5C42248EEE4800C029CC /* Sources */ = {
			isa = PBXSourcesBuildPhase;
			buildActionMask = 2147483647;
			files = (
				290E5C4A248EEE4800C029CC /* AppDelegate.swift in Sources */,
				290E5C4C248EEE4800C029CC /* SceneDelegate.swift in Sources */,
				290E5C4E248EEE4800C029CC /* ContentView.swift in Sources */,
			);
			runOnlyForDeploymentPostprocessing = 0;
		};
/* End PBXSourcesBuildPhase section */

/* Begin PBXVariantGroup section */
		290E5C54248EEE4900C029CC /* LaunchScreen.storyboard */ = {
			isa = PBXVariantGroup;
			children = (
				290E5C55248EEE4900C029CC /* Base */,
			);
			name = LaunchScreen.storyboard;
			sourceTree = "<group>";
		};
/* End PBXVariantGroup section */

/* Begin XCBuildConfiguration section */
		290E5C58248EEE4900C029CC /* Debug */ = {
			isa = XCBuildConfiguration;
			buildSettings = {
				ALWAYS_SEARCH_USER_PATHS = NO;
				CLANG_ANALYZER_NONNULL = YES;
				CLANG_ANALYZER_NUMBER_OBJECT_CONVERSION = YES_AGGRESSIVE;
				CLANG_CXX_LANGUAGE_STANDARD = "gnu++14";
				CLANG_CXX_LIBRARY = "libc++";
				CLANG_ENABLE_MODULES = YES;
				CLANG_ENABLE_OBJC_ARC = YES;
				CLANG_ENABLE_OBJC_WEAK = YES;
				CLANG_WARN_BLOCK_CAPTURE_AUTORELEASING = YES;
				CLANG_WARN_BOOL_CONVERSION = YES;
				CLANG_WARN_COMMA = YES;
				CLANG_WARN_CONSTANT_CONVERSION = YES;
				CLANG_WARN_DEPRECATED_OBJC_IMPLEMENTATIONS = YES;
				CLANG_WARN_DIRECT_OBJC_ISA_USAGE = YES_ERROR;
				CLANG_WARN_DOCUMENTATION_COMMENTS = YES;
				CLANG_WARN_EMPTY_BODY = YES;
				CLANG_WARN_ENUM_CONVERSION = YES;
				CLANG_WARN_INFINITE_RECURSION = YES;
				CLANG_WARN_INT_CONVERSION = YES;
				CLANG_WARN_NON_LITERAL_NULL_CONVERSION = YES;
				CLANG_WARN_OBJC_IMPLICIT_RETAIN_SELF = YES;
				CLANG_WARN_OBJC_LITERAL_CONVERSION = YES;
				CLANG_WARN_OBJC_ROOT_CLASS = YES_ERROR;
				CLANG_WARN_RANGE_LOOP_ANALYSIS = YES;
				CLANG_WARN_STRICT_PROTOTYPES = YES;
				CLANG_WARN_SUSPICIOUS_MOVE = YES;
				CLANG_WARN_UNGUARDED_AVAILABILITY = YES_AGGRESSIVE;
				CLANG_WARN_UNREACHABLE_CODE = YES;
				CLANG_WARN__DUPLICATE_METHOD_MATCH = YES;
				COPY_PHASE_STRIP = NO;
				DEBUG_INFORMATION_FORMAT = dwarf;
				ENABLE_STRICT_OBJC_MSGSEND = YES;
				ENABLE_TESTABILITY = YES;
				GCC_C_LANGUAGE_STANDARD = gnu11;
				GCC_DYNAMIC_NO_PIC = NO;
				GCC_NO_COMMON_BLOCKS = YES;
				GCC_OPTIMIZATION_LEVEL = 0;
				GCC_PREPROCESSOR_DEFINITIONS = (
					"DEBUG=1",
					"$(inherited)",
				);
				GCC_WARN_64_TO_32_BIT_CONVERSION = YES;
				GCC_WARN_ABOUT_RETURN_TYPE = YES_ERROR;
				GCC_WARN_UNDECLARED_SELECTOR = YES;
				GCC_WARN_UNINITIALIZED_AUTOS = YES_AGGRESSIVE;
				GCC_WARN_UNUSED_FUNCTION = YES;
				GCC_WARN_UNUSED_VARIABLE = YES;
				IPHONEOS_DEPLOYMENT_TARGET = 13.5;
				MTL_ENABLE_DEBUG_INFO = INCLUDE_SOURCE;
				MTL_FAST_MATH = YES;
				ONLY_ACTIVE_ARCH = YES;
				SDKROOT = iphoneos;
				SWIFT_ACTIVE_COMPILATION_CONDITIONS = DEBUG;
				SWIFT_OPTIMIZATION_LEVEL = "-Onone";
			};
			name = Debug;
		};
		290E5C59248EEE4900C029CC /* Release */ = {
			isa = XCBuildConfiguration;
			buildSettings = {
				ALWAYS_SEARCH_USER_PATHS = NO;
				CLANG_ANALYZER_NONNULL = YES;
				CLANG_ANALYZER_NUMBER_OBJECT_CONVERSION = YES_AGGRESSIVE;
				CLANG_CXX_LANGUAGE_STANDARD = "gnu++14";
				CLANG_CXX_LIBRARY = "libc++";
				CLANG_ENABLE_MODULES = YES;
				CLANG_ENABLE_OBJC_ARC = YES;
				CLANG_ENABLE_OBJC_WEAK = YES;
				CLANG_WARN_BLOCK_CAPTURE_AUTORELEASING = YES;
				CLANG_WARN_BOOL_CONVERSION = YES;
				CLANG_WARN_COMMA = YES;
				CLANG_WARN_CONSTANT_CONVERSION = YES;
				CLANG_WARN_DEPRECATED_OBJC_IMPLEMENTATIONS = YES;
				CLANG_WARN_DIRECT_OBJC_ISA_USAGE = YES_ERROR;
				CLANG_WARN_DOCUMENTATION_COMMENTS = YES;
				CLANG_WARN_EMPTY_BODY = YES;
				CLANG_WARN_ENUM_CONVERSION = YES;
				CLANG_WARN_INFINITE_RECURSION = YES;
				CLANG_WARN_INT_CONVERSION = YES;
				CLANG_WARN_NON_LITERAL_NULL_CONVERSION = YES;
				CLANG_WARN_OBJC_IMPLICIT_RETAIN_SELF = YES;
				CLANG_WARN_OBJC_LITERAL_CONVERSION = YES;
				CLANG_WARN_OBJC_ROOT_CLASS = YES_ERROR;
				CLANG_WARN_RANGE_LOOP_ANALYSIS = YES;
				CLANG_WARN_STRICT_PROTOTYPES = YES;
				CLANG_WARN_SUSPICIOUS_MOVE = YES;
				CLANG_WARN_UNGUARDED_AVAILABILITY = YES_AGGRESSIVE;
				CLANG_WARN_UNREACHABLE_CODE = YES;
				CLANG_WARN__DUPLICATE_METHOD_MATCH = YES;
				COPY_PHASE_STRIP = NO;
				DEBUG_INFORMATION_FORMAT = "dwarf-with-dsym";
				ENABLE_NS_ASSERTIONS = NO;
				ENABLE_STRICT_OBJC_MSGSEND = YES;
				GCC_C_LANGUAGE_STANDARD = gnu11;
				GCC_NO_COMMON_BLOCKS = YES;
				GCC_WARN_64_TO_32_BIT_CONVERSION = YES;
				GCC_WARN_ABOUT_RETURN_TYPE = YES_ERROR;
				GCC_WARN_UNDECLARED_SELECTOR = YES;
				GCC_WARN_UNINITIALIZED_AUTOS = YES_AGGRESSIVE;
				GCC_WARN_UNUSED_FUNCTION = YES;
				GCC_WARN_UNUSED_VARIABLE = YES;
				IPHONEOS_DEPLOYMENT_TARGET = 13.5;
				MTL_ENABLE_DEBUG_INFO = NO;
				MTL_FAST_MATH = YES;
				SDKROOT = iphoneos;
				SWIFT_COMPILATION_MODE = wholemodule;
				SWIFT_OPTIMIZATION_LEVEL = "-O";
				VALIDATE_PRODUCT = YES;
			};
			name = Release;
		};
		290E5C5B248EEE4900C029CC /* Debug */ = {
			isa = XCBuildConfiguration;
			buildSettings = {
				ASSETCATALOG_COMPILER_APPICON_NAME = AppIcon;
				CODE_SIGN_STYLE = Automatic;
				DEVELOPMENT_ASSET_PATHS = "\"SUIBT/Preview Content\"";
				DEVELOPMENT_TEAM = 8M8SAX62V2;
				ENABLE_PREVIEWS = YES;
				INFOPLIST_FILE = SUIBT/Info.plist;
				LD_RUNPATH_SEARCH_PATHS = (
					"$(inherited)",
					"@executable_path/Frameworks",
				);
				PRODUCT_BUNDLE_IDENTIFIER = ol.SUIBT;
				PRODUCT_NAME = "$(TARGET_NAME)";
				SWIFT_VERSION = 5.0;
				TARGETED_DEVICE_FAMILY = "1,2";
			};
			name = Debug;
		};
		290E5C5C248EEE4900C029CC /* Release */ = {
			isa = XCBuildConfiguration;
			buildSettings = {
				ASSETCATALOG_COMPILER_APPICON_NAME = AppIcon;
				CODE_SIGN_STYLE = Automatic;
				DEVELOPMENT_ASSET_PATHS = "\"SUIBT/Preview Content\"";
				DEVELOPMENT_TEAM = 8M8SAX62V2;
				ENABLE_PREVIEWS = YES;
				INFOPLIST_FILE = SUIBT/Info.plist;
				LD_RUNPATH_SEARCH_PATHS = (
					"$(inherited)",
					"@executable_path/Frameworks",
				);
				PRODUCT_BUNDLE_IDENTIFIER = ol.SUIBT;
				PRODUCT_NAME = "$(TARGET_NAME)";
				SWIFT_VERSION = 5.0;
				TARGETED_DEVICE_FAMILY = "1,2";
			};
			name = Release;
		};
/* End XCBuildConfiguration section */

/* Begin XCConfigurationList section */
		290E5C41248EEE4800C029CC /* Build configuration list for PBXProject "SUIBT" */ = {
			isa = XCConfigurationList;
			buildConfigurations = (
				290E5C58248EEE4900C029CC /* Debug */,
				290E5C59248EEE4900C029CC /* Release */,
			);
			defaultConfigurationIsVisible = 0;
			defaultConfigurationName = Release;
		};
		290E5C5A248EEE4900C029CC /* Build configuration list for PBXNativeTarget "SUIBT" */ = {
			isa = XCConfigurationList;
			buildConfigurations = (
				290E5C5B248EEE4900C029CC /* Debug */,
				290E5C5C248EEE4900C029CC /* Release */,
			);
			defaultConfigurationIsVisible = 0;
			defaultConfigurationName = Release;
		};
/* End XCConfigurationList section */
	};
	rootObject = 290E5C3E248EEE4800C029CC /* Project object */;
}
